
Microsoft Visual Studio Solution File, Format Version 12.00
# Visual Studio Version 16
VisualStudioVersion = 16.0.29306.81
MinimumVisualStudioVersion = 10.0.40219.1
Project("{FAE04EC0-301F-11D3-BF4B-00C04F79EFBC}") = "ASP .NET Project", "ASP .NET Project\ASP .NET Project.csproj", "{24A48FD1-E264-4A0A-A7F9-92417F69B746}"
EndProject
Global
	GlobalSection(SolutionConfigurationPlatforms) = preSolution
		Debug|Any CPU = Debug|Any CPU
		Release|Any CPU = Release|Any CPU
	EndGlobalSection
	GlobalSection(ProjectConfigurationPlatforms) = postSolution
		{24A48FD1-E264-4A0A-A7F9-92417F69B746}.Debug|Any CPU.ActiveCfg = Debug|Any CPU
		{24A48FD1-E264-4A0A-A7F9-92417F69B746}.Debug|Any CPU.Build.0 = Debug|Any CPU
		{24A48FD1-E264-4A0A-A7F9-92417F69B746}.Release|Any CPU.ActiveCfg = Release|Any CPU
		{24A48FD1-E264-4A0A-A7F9-92417F69B746}.Release|Any CPU.Build.0 = Release|Any CPU
	EndGlobalSection
	GlobalSection(SolutionProperties) = preSolution
		HideSolutionNode = FALSE
	EndGlobalSection
	GlobalSection(ExtensibilityGlobals) = postSolution
		SolutionGuid = {C394C729-8C86-4C86-A7AC-56A3CD765C85}
	EndGlobalSection
EndGlobal
